
Microsoft Visual Studio Solution File, Format Version 12.00
# Visual Studio Version 16
VisualStudioVersion = 16.0.30621.155
MinimumVisualStudioVersion = 10.0.40219.1
Project("{FAE04EC0-301F-11D3-BF4B-00C04F79EFBC}") = "OrdenamientoObjetos", "OrdenamientoObjetos.csproj", "{A3986C1B-BE1F-4E70-B389-D44F4CCAD2D8}"
EndProject
Global
	GlobalSection(SolutionConfigurationPlatforms) = preSolution
		Debug|Any CPU = Debug|Any CPU
		Release|Any CPU = Release|Any CPU
	EndGlobalSection
	GlobalSection(ProjectConfigurationPlatforms) = postSolution
		{A3986C1B-BE1F-4E70-B389-D44F4CCAD2D8}.Debug|Any CPU.ActiveCfg = Debug|Any CPU
		{A3986C1B-BE1F-4E70-B389-D44F4CCAD2D8}.Debug|Any CPU.Build.0 = Debug|Any CPU
		{A3986C1B-BE1F-4E70-B389-D44F4CCAD2D8}.Release|Any CPU.ActiveCfg = Release|Any CPU
		{A3986C1B-BE1F-4E70-B389-D44F4CCAD2D8}.Release|Any CPU.Build.0 = Release|Any CPU
	EndGlobalSection
	GlobalSection(SolutionProperties) = preSolution
		HideSolutionNode = FALSE
	EndGlobalSection
	GlobalSection(ExtensibilityGlobals) = postSolution
		SolutionGuid = {EB988B85-BE7F-40B1-B92A-5522273A82EC}
	EndGlobalSection
EndGlobal
